
Microsoft Visual Studio Solution File, Format Version 12.00
# Visual Studio 15
Project("{FAE04EC0-301F-11D3-BF4B-00C04F79EFBC}") = "DE_Environment.Utils", "DE_Environment.Utils.csproj", "{72993DAA-F5D1-7263-7A52-C052C9E266E2}"
EndProject
Project("{FAE04EC0-301F-11D3-BF4B-00C04F79EFBC}") = "Assembly-CSharp", "Assembly-CSharp.csproj", "{DC0C0DD6-8457-D064-533A-605AE79C7BC0}"
EndProject
Project("{FAE04EC0-301F-11D3-BF4B-00C04F79EFBC}") = "DE_Environment.Tools", "DE_Environment.Tools.csproj", "{121CDCCF-CE27-0331-9F42-12D842058F95}"
EndProject
Project("{FAE04EC0-301F-11D3-BF4B-00C04F79EFBC}") = "DE_Environment.Utils.Editor", "DE_Environment.Utils.Editor.csproj", "{D10D36CB-12BC-AB79-8555-F31E51C4AB7E}"
EndProject
Project("{FAE04EC0-301F-11D3-BF4B-00C04F79EFBC}") = "DE_Environment.Tools.Editor", "DE_Environment.Tools.Editor.csproj", "{641DE1B9-61A5-D22D-9CB3-3CC7878C28AE}"
EndProject
Project("{FAE04EC0-301F-11D3-BF4B-00C04F79EFBC}") = "Assembly-CSharp-Editor", "Assembly-CSharp-Editor.csproj", "{0B874C72-F957-2734-4AAD-F4CF40A6EAC7}"
EndProject
Global
	GlobalSection(SolutionConfigurationPlatforms) = preSolution
		Debug|Any CPU = Debug|Any CPU
		Release|Any CPU = Release|Any CPU
	EndGlobalSection
	GlobalSection(ProjectConfigurationPlatforms) = postSolution
		{72993DAA-F5D1-7263-7A52-C052C9E266E2}.Debug|Any CPU.ActiveCfg = Debug|Any CPU
		{72993DAA-F5D1-7263-7A52-C052C9E266E2}.Debug|Any CPU.Build.0 = Debug|Any CPU
		{72993DAA-F5D1-7263-7A52-C052C9E266E2}.Release|Any CPU.ActiveCfg = Release|Any CPU
		{72993DAA-F5D1-7263-7A52-C052C9E266E2}.Release|Any CPU.Build.0 = Release|Any CPU
		{DC0C0DD6-8457-D064-533A-605AE79C7BC0}.Debug|Any CPU.ActiveCfg = Debug|Any CPU
		{DC0C0DD6-8457-D064-533A-605AE79C7BC0}.Debug|Any CPU.Build.0 = Debug|Any CPU
		{DC0C0DD6-8457-D064-533A-605AE79C7BC0}.Release|Any CPU.ActiveCfg = Release|Any CPU
		{DC0C0DD6-8457-D064-533A-605AE79C7BC0}.Release|Any CPU.Build.0 = Release|Any CPU
		{121CDCCF-CE27-0331-9F42-12D842058F95}.Debug|Any CPU.ActiveCfg = Debug|Any CPU
		{121CDCCF-CE27-0331-9F42-12D842058F95}.Debug|Any CPU.Build.0 = Debug|Any CPU
		{121CDCCF-CE27-0331-9F42-12D842058F95}.Release|Any CPU.ActiveCfg = Release|Any CPU
		{121CDCCF-CE27-0331-9F42-12D842058F95}.Release|Any CPU.Build.0 = Release|Any CPU
		{D10D36CB-12BC-AB79-8555-F31E51C4AB7E}.Debug|Any CPU.ActiveCfg = Debug|Any CPU
		{D10D36CB-12BC-AB79-8555-F31E51C4AB7E}.Debug|Any CPU.Build.0 = Debug|Any CPU
		{D10D36CB-12BC-AB79-8555-F31E51C4AB7E}.Release|Any CPU.ActiveCfg = Release|Any CPU
		{D10D36CB-12BC-AB79-8555-F31E51C4AB7E}.Release|Any CPU.Build.0 = Release|Any CPU
		{641DE1B9-61A5-D22D-9CB3-3CC7878C28AE}.Debug|Any CPU.ActiveCfg = Debug|Any CPU
		{641DE1B9-61A5-D22D-9CB3-3CC7878C28AE}.Debug|Any CPU.Build.0 = Debug|Any CPU
		{641DE1B9-61A5-D22D-9CB3-3CC7878C28AE}.Release|Any CPU.ActiveCfg = Release|Any CPU
		{641DE1B9-61A5-D22D-9CB3-3CC7878C28AE}.Release|Any CPU.Build.0 = Release|Any CPU
		{0B874C72-F957-2734-4AAD-F4CF40A6EAC7}.Debug|Any CPU.ActiveCfg = Debug|Any CPU
		{0B874C72-F957-2734-4AAD-F4CF40A6EAC7}.Debug|Any CPU.Build.0 = Debug|Any CPU
		{0B874C72-F957-2734-4AAD-F4CF40A6EAC7}.Release|Any CPU.ActiveCfg = Release|Any CPU
		{0B874C72-F957-2734-4AAD-F4CF40A6EAC7}.Release|Any CPU.Build.0 = Release|Any CPU
	EndGlobalSection
	GlobalSection(SolutionProperties) = preSolution
		HideSolutionNode = FALSE
	EndGlobalSection
EndGlobal
